// !$*UTF8*$!
{
	archiveVersion = 1;
	classes = {
	};
	objectVersion = 77;
	objects = {

/* Begin PBXContainerItemProxy section */
		8A3CFBDF2F2F8AED00A165C4 /* PBXContainerItemProxy */ = {
			isa = PBXContainerItemProxy;
			containerPortal = 8A3CFBC92F2F8AEC00A165C4 /* Project object */;
			proxyType = 1;
			remoteGlobalIDString = 8A3CFBD02F2F8AEC00A165C4;
			remoteInfo = OCRBooster;
		};
		8A3CFBE92F2F8AED00A165C4 /* PBXContainerItemProxy */ = {
			isa = PBXContainerItemProxy;
			containerPortal = 8A3CFBC92F2F8AEC00A165C4 /* Project object */;
			proxyType = 1;
			remoteGlobalIDString = 8A3CFBD02F2F8AEC00A165C4;
			remoteInfo = OCRBooster;
		};
/* End PBXContainerItemProxy section */

/* Begin PBXFileReference section */
		8A3CFBD12F2F8AEC00A165C4 /* OCRBooster.app */ = {isa = PBXFileReference; explicitFileType = wrapper.application; includeInIndex = 0; path = OCRBooster.app; sourceTree = BUILT_PRODUCTS_DIR; };
		8A3CFBDE2F2F8AED00A165C4 /* OCRBoosterTests.xctest */ = {isa = PBXFileReference; explicitFileType = wrapper.cfbundle; includeInIndex = 0; path = OCRBoosterTests.xctest; sourceTree = BUILT_PRODUCTS_DIR; };
		8A3CFBE82F2F8AED00A165C4 /* OCRBoosterUITests.xctest */ = {isa = PBXFileReference; explicitFileType = wrapper.cfbundle; includeInIndex = 0; path = OCRBoosterUITests.xctest; sourceTree = BUILT_PRODUCTS_DIR; };
/* End PBXFileReference section */

/* Begin PBXFileSystemSynchronizedRootGroup section */
		8A3CFBD32F2F8AEC00A165C4 /* OCRBooster */ = {
			isa = PBXFileSystemSynchronizedRootGroup;
			path = OCRBooster;
			sourceTree = "<group>";
		};
		8A3CFBE12F2F8AED00A165C4 /* OCRBoosterTests */ = {
			isa = PBXFileSystemSynchronizedRootGroup;
			path = OCRBoosterTests;
			sourceTree = "<group>";
		};
		8A3CFBFD2F2F8D3B00A165C4 /* Models */ = {
			isa = PBXFileSystemSynchronizedRootGroup;
			path = Models;
			sourceTree = "<group>";
		};
		8A3CFBFE2F2F8D4F00A165C4 /* Views */ = {
			isa = PBXFileSystemSynchronizedRootGroup;
			path = Views;
			sourceTree = "<group>";
		};
		8A3CFBFF2F2F8D6400A165C4 /* ViewModels */ = {
			isa = PBXFileSystemSynchronizedRootGroup;
			path = ViewModels;
			sourceTree = "<group>";
		};
		8A3CFC002F2F8D6D00A165C4 /* Services */ = {
			isa = PBXFileSystemSynchronizedRootGroup;
			path = Services;
			sourceTree = "<group>";
		};
		8A3CFC012F2F8D7D00A165C4 /* Resources */ = {
			isa = PBXFileSystemSynchronizedRootGroup;
			path = Resources;
			sourceTree = "<group>";
		};
		8A3CFC022F2F8D8300A165C4 /* Utilities */ = {
			isa = PBXFileSystemSynchronizedRootGroup;
			path = Utilities;
			sourceTree = "<group>";
		};
		8A3CFC152F2F9E2A00A165C4 /* UIComponents */ = {
			isa = PBXFileSystemSynchronizedRootGroup;
			path = UIComponents;
			sourceTree = "<group>";
		};
/* End PBXFileSystemSynchronizedRootGroup section */

/* Begin PBXFrameworksBuildPhase section */
		8A3CFBCE2F2F8AEC00A165C4 /* Frameworks */ = {
			isa = PBXFrameworksBuildPhase;
			buildActionMask = 2147483647;
			files = (
			);
			runOnlyForDeploymentPostprocessing = 0;
		};
		8A3CFBDB2F2F8AED00A165C4 /* Frameworks */ = {
			isa = PBXFrameworksBuildPhase;
			buildActionMask = 2147483647;
			files = (
			);
			runOnlyForDeploymentPostprocessing = 0;
		};
		8A3CFBE52F2F8AED00A165C4 /* Frameworks */ = {
			isa = PBXFrameworksBuildPhase;
			buildActionMask = 2147483647;
			files = (
			);
			runOnlyForDeploymentPostprocessing = 0;
		};
/* End PBXFrameworksBuildPhase section */

/* Begin PBXGroup section */
		8A3CFBC82F2F8AEC00A165C4 = {
			isa = PBXGroup;
			children = (
				8A3CFC152F2F9E2A00A165C4 /* UIComponents */,
				8A3CFC002F2F8D6D00A165C4 /* Services */,
				8A3CFBFD2F2F8D3B00A165C4 /* Models */,
				8A3CFBFE2F2F8D4F00A165C4 /* Views */,
				8A3CFBFF2F2F8D6400A165C4 /* ViewModels */,
				8A3CFC022F2F8D8300A165C4 /* Utilities */,
				8A3CFC012F2F8D7D00A165C4 /* Resources */,
				8A3CFBD32F2F8AEC00A165C4 /* OCRBooster */,
				8A3CFBE12F2F8AED00A165C4 /* OCRBoosterTests */,
				8A3CFBD22F2F8AEC00A165C4 /* Products */,
			);
			sourceTree = "<group>";
		};
		8A3CFBD22F2F8AEC00A165C4 /* Products */ = {
			isa = PBXGroup;
			children = (
				8A3CFBD12F2F8AEC00A165C4 /* OCRBooster.app */,
				8A3CFBDE2F2F8AED00A165C4 /* OCRBoosterTests.xctest */,
				8A3CFBE82F2F8AED00A165C4 /* OCRBoosterUITests.xctest */,
			);
			name = Products;
			sourceTree = "<group>";
		};
/* End PBXGroup section */

/* Begin PBXNativeTarget section */
		8A3CFBD02F2F8AEC00A165C4 /* OCRBooster */ = {
			isa = PBXNativeTarget;
			buildConfigurationList = 8A3CFBF22F2F8AED00A165C4 /* Build configuration list for PBXNativeTarget "OCRBooster" */;
			buildPhases = (
				8A3CFBCD2F2F8AEC00A165C4 /* Sources */,
				8A3CFBCE2F2F8AEC00A165C4 /* Frameworks */,
				8A3CFBCF2F2F8AEC00A165C4 /* Resources */,
				8A3CFC482F2FBAA800A165C4 /* ShellScript */,
			);
			buildRules = (
			);
			dependencies = (
			);
			fileSystemSynchronizedGroups = (
				8A3CFBD32F2F8AEC00A165C4 /* OCRBooster */,
				8A3CFBFD2F2F8D3B00A165C4 /* Models */,
				8A3CFBFE2F2F8D4F00A165C4 /* Views */,
				8A3CFBFF2F2F8D6400A165C4 /* ViewModels */,
				8A3CFC002F2F8D6D00A165C4 /* Services */,
				8A3CFC012F2F8D7D00A165C4 /* Resources */,
				8A3CFC022F2F8D8300A165C4 /* Utilities */,
				8A3CFC152F2F9E2A00A165C4 /* UIComponents */,
			);
			name = OCRBooster;
			packageProductDependencies = (
			);
			productName = OCRBooster;
			productReference = 8A3CFBD12F2F8AEC00A165C4 /* OCRBooster.app */;
			productType = "com.apple.product-type.application";
		};
		8A3CFBDD2F2F8AED00A165C4 /* OCRBoosterTests */ = {
			isa = PBXNativeTarget;
			buildConfigurationList = 8A3CFBF52F2F8AED00A165C4 /* Build configuration list for PBXNativeTarget "OCRBoosterTests" */;
			buildPhases = (
				8A3CFBDA2F2F8AED00A165C4 /* Sources */,
				8A3CFBDB2F2F8AED00A165C4 /* Frameworks */,
				8A3CFBDC2F2F8AED00A165C4 /* Resources */,
			);
			buildRules = (
			);
			dependencies = (
				8A3CFBE02F2F8AED00A165C4 /* PBXTargetDependency */,
			);
			fileSystemSynchronizedGroups = (
				8A3CFBE12F2F8AED00A165C4 /* OCRBoosterTests */,
			);
			name = OCRBoosterTests;
			packageProductDependencies = (
			);
			productName = OCRBoosterTests;
			productReference = 8A3CFBDE2F2F8AED00A165C4 /* OCRBoosterTests.xctest */;
			productType = "com.apple.product-type.bundle.unit-test";
		};
		8A3CFBE72F2F8AED00A165C4 /* OCRBoosterUITests */ = {
			isa = PBXNativeTarget;
			buildConfigurationList = 8A3CFBF82F2F8AED00A165C4 /* Build configuration list for PBXNativeTarget "OCRBoosterUITests" */;
			buildPhases = (
				8A3CFBE42F2F8AED00A165C4 /* Sources */,
				8A3CFBE52F2F8AED00A165C4 /* Frameworks */,
				8A3CFBE62F2F8AED00A165C4 /* Resources */,
			);
			buildRules = (
			);
			dependencies = (
				8A3CFBEA2F2F8AED00A165C4 /* PBXTargetDependency */,
			);
			name = OCRBoosterUITests;
			packageProductDependencies = (
			);
			productName = OCRBoosterUITests;
			productReference = 8A3CFBE82F2F8AED00A165C4 /* OCRBoosterUITests.xctest */;
			productType = "com.apple.product-type.bundle.ui-testing";
		};
/* End PBXNativeTarget section */

/* Begin PBXProject section */
		8A3CFBC92F2F8AEC00A165C4 /* Project object */ = {
			isa = PBXProject;
			attributes = {
				BuildIndependentTargetsInParallel = 1;
				LastSwiftUpdateCheck = 2600;
				LastUpgradeCheck = 2600;
				TargetAttributes = {
					8A3CFBD02F2F8AEC00A165C4 = {
						CreatedOnToolsVersion = 26.0.1;
					};
					8A3CFBDD2F2F8AED00A165C4 = {
						CreatedOnToolsVersion = 26.0.1;
						TestTargetID = 8A3CFBD02F2F8AEC00A165C4;
					};
					8A3CFBE72F2F8AED00A165C4 = {
						CreatedOnToolsVersion = 26.0.1;
						TestTargetID = 8A3CFBD02F2F8AEC00A165C4;
					};
				};
			};
			buildConfigurationList = 8A3CFBCC2F2F8AEC00A165C4 /* Build configuration list for PBXProject "OCRBooster" */;
			developmentRegion = en;
			hasScannedForEncodings = 0;
			knownRegions = (
				en,
				Base,
			);
			mainGroup = 8A3CFBC82F2F8AEC00A165C4;
			minimizedProjectReferenceProxies = 1;
			packageReferences = (
			);
			preferredProjectObjectVersion = 77;
			productRefGroup = 8A3CFBD22F2F8AEC00A165C4 /* Products */;
			projectDirPath = "";
			projectRoot = "";
			targets = (
				8A3CFBD02F2F8AEC00A165C4 /* OCRBooster */,
				8A3CFBDD2F2F8AED00A165C4 /* OCRBoosterTests */,
				8A3CFBE72F2F8AED00A165C4 /* OCRBoosterUITests */,
			);
		};
/* End PBXProject section */

/* Begin PBXResourcesBuildPhase section */
		8A3CFBCF2F2F8AEC00A165C4 /* Resources */ = {
			isa = PBXResourcesBuildPhase;
			buildActionMask = 2147483647;
			files = (
			);
			runOnlyForDeploymentPostprocessing = 0;
		};
		8A3CFBDC2F2F8AED00A165C4 /* Resources */ = {
			isa = PBXResourcesBuildPhase;
			buildActionMask = 2147483647;
			files = (
			);
			runOnlyForDeploymentPostprocessing = 0;
		};
		8A3CFBE62F2F8AED00A165C4 /* Resources */ = {
			isa = PBXResourcesBuildPhase;
			buildActionMask = 2147483647;
			files = (
			);
			runOnlyForDeploymentPostprocessing = 0;
		};
/* End PBXResourcesBuildPhase section */

/* Begin PBXShellScriptBuildPhase section */
		8A3CFC482F2FBAA800A165C4 /* ShellScript */ = {
			isa = PBXShellScriptBuildPhase;
			alwaysOutOfDate = 1;
			buildActionMask = 2147483647;
			files = (
			);
			inputFileListPaths = (
			);
			inputPaths = (
			);
			outputFileListPaths = (
			);
			outputPaths = (
			);
			runOnlyForDeploymentPostprocessing = 0;
			shellPath = /bin/sh;
			shellScript = "# Type a script or drag a script file from your workspace to insert its path.\n";
		};
/* End PBXShellScriptBuildPhase section */

/* Begin PBXSourcesBuildPhase section */
		8A3CFBCD2F2F8AEC00A165C4 /* Sources */ = {
			isa = PBXSourcesBuildPhase;
			buildActionMask = 2147483647;
			files = (
			);
			runOnlyForDeploymentPostprocessing = 0;
		};
		8A3CFBDA2F2F8AED00A165C4 /* Sources */ = {
			isa = PBXSourcesBuildPhase;
			buildActionMask = 2147483647;
			files = (
			);
			runOnlyForDeploymentPostprocessing = 0;
		};
		8A3CFBE42F2F8AED00A165C4 /* Sources */ = {
			isa = PBXSourcesBuildPhase;
			buildActionMask = 2147483647;
			files = (
			);
			runOnlyForDeploymentPostprocessing = 0;
		};
/* End PBXSourcesBuildPhase section */

/* Begin PBXTargetDependency section */
		8A3CFBE02F2F8AED00A165C4 /* PBXTargetDependency */ = {
			isa = PBXTargetDependency;
			target = 8A3CFBD02F2F8AEC00A165C4 /* OCRBooster */;
			targetProxy = 8A3CFBDF2F2F8AED00A165C4 /* PBXContainerItemProxy */;
		};
		8A3CFBEA2F2F8AED00A165C4 /* PBXTargetDependency */ = {
			isa = PBXTargetDependency;
			target = 8A3CFBD02F2F8AEC00A165C4 /* OCRBooster */;
			targetProxy = 8A3CFBE92F2F8AED00A165C4 /* PBXContainerItemProxy */;
		};
/* End PBXTargetDependency section */

/* Begin XCBuildConfiguration section */
		8A3CFBF02F2F8AED00A165C4 /* Debug */ = {
			isa = XCBuildConfiguration;
			buildSettings = {
				ALWAYS_SEARCH_USER_PATHS = NO;
				ASSETCATALOG_COMPILER_GENERATE_SWIFT_ASSET_SYMBOL_EXTENSIONS = YES;
				CLANG_ANALYZER_NONNULL = YES;
				CLANG_ANALYZER_NUMBER_OBJECT_CONVERSION = YES_AGGRESSIVE;
				CLANG_CXX_LANGUAGE_STANDARD = "gnu++20";
				CLANG_ENABLE_MODULES = YES;
				CLANG_ENABLE_OBJC_ARC = YES;
				CLANG_ENABLE_OBJC_WEAK = YES;
				CLANG_WARN_BLOCK_CAPTURE_AUTORELEASING = YES;
				CLANG_WARN_BOOL_CONVERSION = YES;
				CLANG_WARN_COMMA = YES;
				CLANG_WARN_CONSTANT_CONVERSION = YES;
				CLANG_WARN_DEPRECATED_OBJC_IMPLEMENTATIONS = YES;
				CLANG_WARN_DIRECT_OBJC_ISA_USAGE = YES_ERROR;
				CLANG_WARN_DOCUMENTATION_COMMENTS = YES;
				CLANG_WARN_EMPTY_BODY = YES;
				CLANG_WARN_ENUM_CONVERSION = YES;
				CLANG_WARN_INFINITE_RECURSION = YES;
				CLANG_WARN_INT_CONVERSION = YES;
				CLANG_WARN_NON_LITERAL_NULL_CONVERSION = YES;
				CLANG_WARN_OBJC_IMPLICIT_RETAIN_SELF = YES;
				CLANG_WARN_OBJC_LITERAL_CONVERSION = YES;
				CLANG_WARN_OBJC_ROOT_CLASS = YES_ERROR;
				CLANG_WARN_QUOTED_INCLUDE_IN_FRAMEWORK_HEADER = YES;
				CLANG_WARN_RANGE_LOOP_ANALYSIS = YES;
				CLANG_WARN_STRICT_PROTOTYPES = YES;
				CLANG_WARN_SUSPICIOUS_MOVE = YES;
				CLANG_WARN_UNGUARDED_AVAILABILITY = YES_AGGRESSIVE;
				CLANG_WARN_UNREACHABLE_CODE = YES;
				CLANG_WARN__DUPLICATE_METHOD_MATCH = YES;
				COPY_PHASE_STRIP = NO;
				DEBUG_INFORMATION_FORMAT = dwarf;
				DEVELOPMENT_TEAM = 9994G9A7AV;
				ENABLE_STRICT_OBJC_MSGSEND = YES;
				ENABLE_TESTABILITY = YES;
				ENABLE_USER_SCRIPT_SANDBOXING = YES;
				GCC_C_LANGUAGE_STANDARD = gnu17;
				GCC_DYNAMIC_NO_PIC = NO;
				GCC_NO_COMMON_BLOCKS = YES;
				GCC_OPTIMIZATION_LEVEL = 0;
				GCC_PREPROCESSOR_DEFINITIONS = (
					"DEBUG=1",
					"$(inherited)",
				);
				GCC_WARN_64_TO_32_BIT_CONVERSION = YES;
				GCC_WARN_ABOUT_RETURN_TYPE = YES_ERROR;
				GCC_WARN_UNDECLARED_SELECTOR = YES;
				GCC_WARN_UNINITIALIZED_AUTOS = YES_AGGRESSIVE;
				GCC_WARN_UNUSED_FUNCTION = YES;
				GCC_WARN_UNUSED_VARIABLE = YES;
				LOCALIZATION_PREFERS_STRING_CATALOGS = YES;
				MACOSX_DEPLOYMENT_TARGET = 15.7;
				MTL_ENABLE_DEBUG_INFO = INCLUDE_SOURCE;
				MTL_FAST_MATH = YES;
				ONLY_ACTIVE_ARCH = YES;
				SDKROOT = macosx;
				SWIFT_ACTIVE_COMPILATION_CONDITIONS = "DEBUG $(inherited)";
				SWIFT_OPTIMIZATION_LEVEL = "-Onone";
			};
			name = Debug;
		};
		8A3CFBF12F2F8AED00A165C4 /* Release */ = {
			isa = XCBuildConfiguration;
			buildSettings = {
				ALWAYS_SEARCH_USER_PATHS = NO;
				ASSETCATALOG_COMPILER_GENERATE_SWIFT_ASSET_SYMBOL_EXTENSIONS = YES;
				CLANG_ANALYZER_NONNULL = YES;
				CLANG_ANALYZER_NUMBER_OBJECT_CONVERSION = YES_AGGRESSIVE;
				CLANG_CXX_LANGUAGE_STANDARD = "gnu++20";
				CLANG_ENABLE_MODULES = YES;
				CLANG_ENABLE_OBJC_ARC = YES;
				CLANG_ENABLE_OBJC_WEAK = YES;
				CLANG_WARN_BLOCK_CAPTURE_AUTORELEASING = YES;
				CLANG_WARN_BOOL_CONVERSION = YES;
				CLANG_WARN_COMMA = YES;
				CLANG_WARN_CONSTANT_CONVERSION = YES;
				CLANG_WARN_DEPRECATED_OBJC_IMPLEMENTATIONS = YES;
				CLANG_WARN_DIRECT_OBJC_ISA_USAGE = YES_ERROR;
				CLANG_WARN_DOCUMENTATION_COMMENTS = YES;
				CLANG_WARN_EMPTY_BODY = YES;
				CLANG_WARN_ENUM_CONVERSION = YES;
				CLANG_WARN_INFINITE_RECURSION = YES;
				CLANG_WARN_INT_CONVERSION = YES;
				CLANG_WARN_NON_LITERAL_NULL_CONVERSION = YES;
				CLANG_WARN_OBJC_IMPLICIT_RETAIN_SELF = YES;
				CLANG_WARN_OBJC_LITERAL_CONVERSION = YES;
				CLANG_WARN_OBJC_ROOT_CLASS = YES_ERROR;
				CLANG_WARN_QUOTED_INCLUDE_IN_FRAMEWORK_HEADER = YES;
				CLANG_WARN_RANGE_LOOP_ANALYSIS = YES;
				CLANG_WARN_STRICT_PROTOTYPES = YES;
				CLANG_WARN_SUSPICIOUS_MOVE = YES;
				CLANG_WARN_UNGUARDED_AVAILABILITY = YES_AGGRESSIVE;
				CLANG_WARN_UNREACHABLE_CODE = YES;
				CLANG_WARN__DUPLICATE_METHOD_MATCH = YES;
				COPY_PHASE_STRIP = NO;
				DEBUG_INFORMATION_FORMAT = "dwarf-with-dsym";
				DEVELOPMENT_TEAM = 9994G9A7AV;
				ENABLE_NS_ASSERTIONS = NO;
				ENABLE_STRICT_OBJC_MSGSEND = YES;
				ENABLE_USER_SCRIPT_SANDBOXING = YES;
				GCC_C_LANGUAGE_STANDARD = gnu17;
				GCC_NO_COMMON_BLOCKS = YES;
				GCC_WARN_64_TO_32_BIT_CONVERSION = YES;
				GCC_WARN_ABOUT_RETURN_TYPE = YES_ERROR;
				GCC_WARN_UNDECLARED_SELECTOR = YES;
				GCC_WARN_UNINITIALIZED_AUTOS = YES_AGGRESSIVE;
				GCC_WARN_UNUSED_FUNCTION = YES;
				GCC_WARN_UNUSED_VARIABLE = YES;
				LOCALIZATION_PREFERS_STRING_CATALOGS = YES;
				MACOSX_DEPLOYMENT_TARGET = 15.7;
				MTL_ENABLE_DEBUG_INFO = NO;
				MTL_FAST_MATH = YES;
				SDKROOT = macosx;
				SWIFT_COMPILATION_MODE = wholemodule;
			};
			name = Release;
		};
		8A3CFBF32F2F8AED00A165C4 /* Debug */ = {
			isa = XCBuildConfiguration;
			buildSettings = {
				ASSETCATALOG_COMPILER_APPICON_NAME = AppIcon;
				ASSETCATALOG_COMPILER_GLOBAL_ACCENT_COLOR_NAME = AccentColor;
				CODE_SIGN_STYLE = Automatic;
				COMBINE_HIDPI_IMAGES = YES;
				CURRENT_PROJECT_VERSION = 1;
				DEVELOPMENT_TEAM = 9994G9A7AV;
				ENABLE_APP_SANDBOX = YES;
				ENABLE_HARDENED_RUNTIME = YES;
				ENABLE_PREVIEWS = YES;
				ENABLE_USER_SELECTED_FILES = readonly;
				GENERATE_INFOPLIST_FILE = YES;
				INFOPLIST_KEY_NSHumanReadableCopyright = "";
				LD_RUNPATH_SEARCH_PATHS = (
					"$(inherited)",
					"@executable_path/../Frameworks",
				);
				MARKETING_VERSION = 1.0;
				PRODUCT_BUNDLE_IDENTIFIER = com.OCR.Swift.OCRBooster;
				PRODUCT_NAME = "$(TARGET_NAME)";
				REGISTER_APP_GROUPS = YES;
				STRING_CATALOG_GENERATE_SYMBOLS = YES;
				SWIFT_APPROACHABLE_CONCURRENCY = YES;
				SWIFT_DEFAULT_ACTOR_ISOLATION = MainActor;
				SWIFT_EMIT_LOC_STRINGS = YES;
				SWIFT_UPCOMING_FEATURE_MEMBER_IMPORT_VISIBILITY = YES;
				SWIFT_VERSION = 5.0;
			};
			name = Debug;
		};
		8A3CFBF42F2F8AED00A165C4 /* Release */ = {
			isa = XCBuildConfiguration;
			buildSettings = {
				ASSETCATALOG_COMPILER_APPICON_NAME = AppIcon;
				ASSETCATALOG_COMPILER_GLOBAL_ACCENT_COLOR_NAME = AccentColor;
				CODE_SIGN_STYLE = Automatic;
				COMBINE_HIDPI_IMAGES = YES;
				CURRENT_PROJECT_VERSION = 1;
				DEVELOPMENT_TEAM = 9994G9A7AV;
				ENABLE_APP_SANDBOX = YES;
				ENABLE_HARDENED_RUNTIME = YES;
				ENABLE_PREVIEWS = YES;
				ENABLE_USER_SELECTED_FILES = readonly;
				GENERATE_INFOPLIST_FILE = YES;
				INFOPLIST_KEY_NSHumanReadableCopyright = "";
				LD_RUNPATH_SEARCH_PATHS = (
					"$(inherited)",
					"@executable_path/../Frameworks",
				);
				MARKETING_VERSION = 1.0;
				PRODUCT_BUNDLE_IDENTIFIER = com.OCR.Swift.OCRBooster;
				PRODUCT_NAME = "$(TARGET_NAME)";
				REGISTER_APP_GROUPS = YES;
				STRING_CATALOG_GENERATE_SYMBOLS = YES;
				SWIFT_APPROACHABLE_CONCURRENCY = YES;
				SWIFT_DEFAULT_ACTOR_ISOLATION = MainActor;
				SWIFT_EMIT_LOC_STRINGS = YES;
				SWIFT_UPCOMING_FEATURE_MEMBER_IMPORT_VISIBILITY = YES;
				SWIFT_VERSION = 5.0;
			};
			name = Release;
		};
		8A3CFBF62F2F8AED00A165C4 /* Debug */ = {
			isa = XCBuildConfiguration;
			buildSettings = {
				BUNDLE_LOADER = "$(TEST_HOST)";
				CODE_SIGN_STYLE = Automatic;
				CURRENT_PROJECT_VERSION = 1;
				DEVELOPMENT_TEAM = 9994G9A7AV;
				GENERATE_INFOPLIST_FILE = YES;
				MACOSX_DEPLOYMENT_TARGET = 15.7;
				MARKETING_VERSION = 1.0;
				PRODUCT_BUNDLE_IDENTIFIER = com.OCR.Swift.OCRBoosterTests;
				PRODUCT_NAME = "$(TARGET_NAME)";
				STRING_CATALOG_GENERATE_SYMBOLS = NO;
				SWIFT_APPROACHABLE_CONCURRENCY = YES;
				SWIFT_EMIT_LOC_STRINGS = NO;
				SWIFT_UPCOMING_FEATURE_MEMBER_IMPORT_VISIBILITY = YES;
				SWIFT_VERSION = 5.0;
				TEST_HOST = "$(BUILT_PRODUCTS_DIR)/OCRBooster.app/$(BUNDLE_EXECUTABLE_FOLDER_PATH)/OCRBooster";
			};
			name = Debug;
		};
		8A3CFBF72F2F8AED00A165C4 /* Release */ = {
			isa = XCBuildConfiguration;
			buildSettings = {
				BUNDLE_LOADER = "$(TEST_HOST)";
				CODE_SIGN_STYLE = Automatic;
				CURRENT_PROJECT_VERSION = 1;
				DEVELOPMENT_TEAM = 9994G9A7AV;
				GENERATE_INFOPLIST_FILE = YES;
				MACOSX_DEPLOYMENT_TARGET = 15.7;
				MARKETING_VERSION = 1.0;
				PRODUCT_BUNDLE_IDENTIFIER = com.OCR.Swift.OCRBoosterTests;
				PRODUCT_NAME = "$(TARGET_NAME)";
				STRING_CATALOG_GENERATE_SYMBOLS = NO;
				SWIFT_APPROACHABLE_CONCURRENCY = YES;
				SWIFT_EMIT_LOC_STRINGS = NO;
				SWIFT_UPCOMING_FEATURE_MEMBER_IMPORT_VISIBILITY = YES;
				SWIFT_VERSION = 5.0;
				TEST_HOST = "$(BUILT_PRODUCTS_DIR)/OCRBooster.app/$(BUNDLE_EXECUTABLE_FOLDER_PATH)/OCRBooster";
			};
			name = Release;
		};
		8A3CFBF92F2F8AED00A165C4 /* Debug */ = {
			isa = XCBuildConfiguration;
			buildSettings = {
				CODE_SIGN_STYLE = Automatic;
				CURRENT_PROJECT_VERSION = 1;
				DEVELOPMENT_TEAM = 9994G9A7AV;
				GENERATE_INFOPLIST_FILE = YES;
				MARKETING_VERSION = 1.0;
				PRODUCT_BUNDLE_IDENTIFIER = com.OCR.Swift.OCRBoosterUITests;
				PRODUCT_NAME = "$(TARGET_NAME)";
				STRING_CATALOG_GENERATE_SYMBOLS = NO;
				SWIFT_APPROACHABLE_CONCURRENCY = YES;
				SWIFT_EMIT_LOC_STRINGS = NO;
				SWIFT_UPCOMING_FEATURE_MEMBER_IMPORT_VISIBILITY = YES;
				SWIFT_VERSION = 5.0;
				TEST_TARGET_NAME = OCRBooster;
			};
			name = Debug;
		};
		8A3CFBFA2F2F8AED00A165C4 /* Release */ = {
			isa = XCBuildConfiguration;
			buildSettings = {
				CODE_SIGN_STYLE = Automatic;
				CURRENT_PROJECT_VERSION = 1;
				DEVELOPMENT_TEAM = 9994G9A7AV;
				GENERATE_INFOPLIST_FILE = YES;
				MARKETING_VERSION = 1.0;
				PRODUCT_BUNDLE_IDENTIFIER = com.OCR.Swift.OCRBoosterUITests;
				PRODUCT_NAME = "$(TARGET_NAME)";
				STRING_CATALOG_GENERATE_SYMBOLS = NO;
				SWIFT_APPROACHABLE_CONCURRENCY = YES;
				SWIFT_EMIT_LOC_STRINGS = NO;
				SWIFT_UPCOMING_FEATURE_MEMBER_IMPORT_VISIBILITY = YES;
				SWIFT_VERSION = 5.0;
				TEST_TARGET_NAME = OCRBooster;
			};
			name = Release;
		};
/* End XCBuildConfiguration section */

/* Begin XCConfigurationList section */
		8A3CFBCC2F2F8AEC00A165C4 /* Build configuration list for PBXProject "OCRBooster" */ = {
			isa = XCConfigurationList;
			buildConfigurations = (
				8A3CFBF02F2F8AED00A165C4 /* Debug */,
				8A3CFBF12F2F8AED00A165C4 /* Release */,
			);
			defaultConfigurationIsVisible = 0;
			defaultConfigurationName = Release;
		};
		8A3CFBF22F2F8AED00A165C4 /* Build configuration list for PBXNativeTarget "OCRBooster" */ = {
			isa = XCConfigurationList;
			buildConfigurations = (
				8A3CFBF32F2F8AED00A165C4 /* Debug */,
				8A3CFBF42F2F8AED00A165C4 /* Release */,
			);
			defaultConfigurationIsVisible = 0;
			defaultConfigurationName = Release;
		};
		8A3CFBF52F2F8AED00A165C4 /* Build configuration list for PBXNativeTarget "OCRBoosterTests" */ = {
			isa = XCConfigurationList;
			buildConfigurations = (
				8A3CFBF62F2F8AED00A165C4 /* Debug */,
				8A3CFBF72F2F8AED00A165C4 /* Release */,
			);
			defaultConfigurationIsVisible = 0;
			defaultConfigurationName = Release;
		};
		8A3CFBF82F2F8AED00A165C4 /* Build configuration list for PBXNativeTarget "OCRBoosterUITests" */ = {
			isa = XCConfigurationList;
			buildConfigurations = (
				8A3CFBF92F2F8AED00A165C4 /* Debug */,
				8A3CFBFA2F2F8AED00A165C4 /* Release */,
			);
			defaultConfigurationIsVisible = 0;
			defaultConfigurationName = Release;
		};
/* End XCConfigurationList section */
	};
	rootObject = 8A3CFBC92F2F8AEC00A165C4 /* Project object */;
}
